# @generated - this file is auto-generated by `mise lock` https://mise.jdx.dev/dev-tools/mise-lock.html

lockfile_version = 1

[[tools.dagger]]
version = "0.21.9"
backend = "aqua:dagger/dagger"
specifiers = ["0.21.9"]

[tools.dagger."platforms.linux-arm64"]
checksum = "sha256:3bc8334ccde404f66f0a8e29807e4327c7893990c3211691680c5f07f8273f3a"
url = "https://github.com/dagger/dagger/releases/download/v0.21.9/dagger_v0.21.9_linux_arm64.tar.gz"
url_api = "https://api.github.com/repos/dagger/dagger/releases/assets/530870098"

[tools.dagger."platforms.linux-x64"]
checksum = "sha256:33eea0b08d6be444bada18e64b2216459100d6070abcb4b5345cee40c9fff982"
url = "https://github.com/dagger/dagger/releases/download/v0.21.9/dagger_v0.21.9_linux_amd64.tar.gz"
url_api = "https://api.github.com/repos/dagger/dagger/releases/assets/530870096"

[tools.dagger."platforms.macos-arm64"]
checksum = "sha256:551a4d5432860547bf4f088181cbd0902668289171959de97568ea0f0ecb35ee"
url = "https://github.com/dagger/dagger/releases/download/v0.21.9/dagger_v0.21.9_darwin_arm64.tar.gz"
url_api = "https://api.github.com/repos/dagger/dagger/releases/assets/530870101"

[tools.dagger."platforms.macos-x64"]
checksum = "sha256:2ed6e998d820bfb4800ed5644e1b9586f03078b14243c7fdf3bdd9e0eb0d5bfe"
url = "https://github.com/dagger/dagger/releases/download/v0.21.9/dagger_v0.21.9_darwin_amd64.tar.gz"
url_api = "https://api.github.com/repos/dagger/dagger/releases/assets/530870097"

[[tools."github:rust-cross/cargo-zigbuild"]]
version = "0.23.4"
backend = "github:rust-cross/cargo-zigbuild"
specifiers = ["0.23.4"]

[tools."github:rust-cross/cargo-zigbuild"."platforms.linux-arm64"]
checksum = "sha256:25cf2cdc6cde848b33a761ff2cf46d1efe6ba7e1adfc4b6f3ee2d570cacb5419"
url = "https://github.com/rust-cross/cargo-zigbuild/releases/download/v0.23.4/cargo-zigbuild-aarch64-unknown-linux-gnu.tar.xz"
url_api = "https://api.github.com/repos/rust-cross/cargo-zigbuild/releases/assets/541272860"

[tools."github:rust-cross/cargo-zigbuild"."platforms.linux-x64"]
checksum = "sha256:6b69963040818ca1ef573d8135a95aa902e17cf7f873c32c6426642dadfe7f59"
url = "https://github.com/rust-cross/cargo-zigbuild/releases/download/v0.23.4/cargo-zigbuild-x86_64-unknown-linux-gnu.tar.xz"
url_api = "https://api.github.com/repos/rust-cross/cargo-zigbuild/releases/assets/541272889"

[tools."github:rust-cross/cargo-zigbuild"."platforms.macos-arm64"]
checksum = "sha256:ca2369ae1a9995542206a6c18dd372acff94dddeb9d7c07e09bfb7594197cea3"
url = "https://github.com/rust-cross/cargo-zigbuild/releases/download/v0.23.4/cargo-zigbuild-aarch64-apple-darwin.tar.xz"
url_api = "https://api.github.com/repos/rust-cross/cargo-zigbuild/releases/assets/541272865"

[tools."github:rust-cross/cargo-zigbuild"."platforms.macos-x64"]
checksum = "sha256:79463de3b10811fcebe91a3771f9658a2e40178eb6de66a2d379d12fe5317b6c"
url = "https://github.com/rust-cross/cargo-zigbuild/releases/download/v0.23.4/cargo-zigbuild-x86_64-apple-darwin.tar.xz"
url_api = "https://api.github.com/repos/rust-cross/cargo-zigbuild/releases/assets/541272875"

[[tools.rust]]
version = "1.97.1"
backend = "core:rust"
specifiers = ["1.97.1"]

[tools.rust.options]
components = "clippy,rustfmt"
profile = "minimal"
targets = "aarch64-unknown-linux-musl,x86_64-unknown-linux-musl"

[[tools.zig]]
version = "0.16.0"
backend = "core:zig"
specifiers = ["0.16.0"]

[tools.zig."platforms.linux-arm64"]
checksum = "sha256:ea4b09bfb22ec6f6c6ceac57ab63efb6b46e17ab08d21f69f3a48b38e1534f17"
url = "https://ziglang.org/download/0.16.0/zig-aarch64-linux-0.16.0.tar.xz"

[tools.zig."platforms.linux-x64"]
checksum = "sha256:70e49664a74374b48b51e6f3fdfbf437f6395d42509050588bd49abe52ba3d00"
url = "https://ziglang.org/download/0.16.0/zig-x86_64-linux-0.16.0.tar.xz"

[tools.zig."platforms.macos-arm64"]
checksum = "sha256:b23d70deaa879b5c2d486ed3316f7eaa53e84acf6fc9cc747de152450d401489"
url = "https://ziglang.org/download/0.16.0/zig-aarch64-macos-0.16.0.tar.xz"

[tools.zig."platforms.macos-x64"]
checksum = "sha256:0387557ed1877bc6a2e1802c8391953baddba76081876301c522f52977b52ba7"
url = "https://ziglang.org/download/0.16.0/zig-x86_64-macos-0.16.0.tar.xz"
